# This file is automatically @generated by Cargo.
# It is not intended for manual editing.
version = 3

[[package]]
name = "derive-new"
version = "0.5.9"
source = "registry+https://github.com/rust-lang/crates.io-index"
checksum = "3418329ca0ad70234b9735dc4ceed10af4df60eff9c8e7b06cb5e520d92c3535"
dependencies = [
 "proc-macro2",
 "quote",
 "syn 1.0.109",
]

[[package]]
name = "proc-macro2"
version = "1.0.63"
source = "registry+https://github.com/rust-lang/crates.io-index"
checksum = "7b368fba921b0dce7e60f5e04ec15e565b3303972b42bcfde1d0713b881959eb"
dependencies = [
 "unicode-ident",
]

[[package]]
name = "quote"
version = "1.0.29"
source = "registry+https://github.com/rust-lang/crates.io-index"
checksum = "573015e8ab27661678357f27dc26460738fd2b6c86e46f386fde94cb5d913105"
dependencies = [
 "proc-macro2",
]

[[package]]
name = "syn"
version = "1.0.109"
source = "registry+https://github.com/rust-lang/crates.io-index"
checksum = "72b64191b275b66ffe2469e8af2c1cfe3bafa67b529ead792a6d0160888b4237"
dependencies = [
 "proc-macro2",
 "quote",
 "unicode-ident",
]

[[package]]
name = "syn"
version = "2.0.25"
source = "registry+https://github.com/rust-lang/crates.io-index"
checksum = "15e3fc8c0c74267e2df136e5e5fb656a464158aa57624053375eb9c8c6e25ae2"
dependencies = [
 "proc-macro2",
 "quote",
 "unicode-ident",
]

[[package]]
name = "thiserror"
version = "1.0.44"
source = "registry+https://github.com/rust-lang/crates.io-index"
checksum = "611040a08a0439f8248d1990b111c95baa9c704c805fa1f62104b39655fd7f90"
dependencies = [
 "thiserror-impl",
]

[[package]]
name = "thiserror-impl"
version = "1.0.44"
source = "registry+https://github.com/rust-lang/crates.io-index"
checksum = "090198534930841fab3a5d1bb637cde49e339654e606195f8d9c76eeb081dc96"
dependencies = [
 "proc-macro2",
 "quote",
 "syn 2.0.25",
]

[[package]]
name = "unicode-ident"
version = "1.0.10"
source = "registry+https://github.com/rust-lang/crates.io-index"
checksum = "22049a19f4a68748a168c0fc439f9516686aa045927ff767eca0a85101fb6e73"

[[package]]
name = "zephyr"
version = "0.1.0"
dependencies = [
 "zephyr-lexer",
 "zephyr-parser",
 "zephyr-span",
 "zephyr-tycheck",
]

[[package]]
name = "zephyr-ast"
version = "0.1.0"
dependencies = [
 "derive-new",
 "zephyr-span",
 "zephyr-types",
]

[[package]]
name = "zephyr-lexer"
version = "0.1.0"
dependencies = [
 "zephyr-span",
 "zephyr-token",
]

[[package]]
name = "zephyr-parser"
version = "0.1.0"
dependencies = [
 "thiserror",
 "zephyr-ast",
 "zephyr-span",
 "zephyr-token",
 "zephyr-types",
]

[[package]]
name = "zephyr-span"
version = "0.1.0"
dependencies = [
 "derive-new",
]

[[package]]
name = "zephyr-token"
version = "0.1.0"
dependencies = [
 "zephyr-span",
]

[[package]]
name = "zephyr-tycheck"
version = "0.1.0"
dependencies = [
 "thiserror",
 "zephyr-ast",
 "zephyr-span",
 "zephyr-types",
]

[[package]]
name = "zephyr-types"
version = "0.1.0"
